# THIS IS AN AUTOGENERATED FILE. DO NOT EDIT THIS FILE DIRECTLY.
# yarn lockfile v1


commander@^2.12.1:
  version "2.15.1"
  resolved "http://registry.npm.taobao.org/commander/download/commander-2.15.1.tgz#df46e867d0fc2aec66a34662b406a9ccafff5b0f"

echarts@^3.8.5:
  version "3.8.5"
  resolved "http://registry.npm.taobao.org/echarts/download/echarts-3.8.5.tgz#58e4a51d2743c6fb75257b0dc0a9cf9f5378ac0e"
  dependencies:
    zrender "3.7.4"

zrender@3.7.4:
  version "3.7.4"
  resolved "http://registry.npm.taobao.org/zrender/download/zrender-3.7.4.tgz#f847d53948481ef6d42906d1ea9aeec7acbefdf2"
